
Microsoft Visual Studio Solution File, Format Version 12.00
# Visual Studio 14
VisualStudioVersion = 14.0.25420.1
MinimumVisualStudioVersion = 10.0.40219.1
Project("{8BC9CEB8-8B4A-11D0-8D11-00A0C91BC942}") = "MultiTreadsPractice", "MultiTreadsPractice\MultiTreadsPractice.vcxproj", "{3C6DAD7E-ABF0-40BF-9E88-8DBC43257567}"
EndProject
Project("{8BC9CEB8-8B4A-11D0-8D11-00A0C91BC942}") = "NetWorkServer", "NetWorkServer\NetWorkServer.vcxproj", "{F51EC666-488C-4CE9-80F9-280D463A81B0}"
EndProject
Project("{8BC9CEB8-8B4A-11D0-8D11-00A0C91BC942}") = "NetWorkClient", "NetWorkClient\NetWorkClient.vcxproj", "{0B9A7491-4A6A-4B6F-83E0-8C3677F4D71D}"
EndProject
Global
	GlobalSection(SolutionConfigurationPlatforms) = preSolution
		Debug|x64 = Debug|x64
		Debug|x86 = Debug|x86
		Release|x64 = Release|x64
		Release|x86 = Release|x86
	EndGlobalSection
	GlobalSection(ProjectConfigurationPlatforms) = postSolution
		{3C6DAD7E-ABF0-40BF-9E88-8DBC43257567}.Debug|x64.ActiveCfg = Debug|x64
		{3C6DAD7E-ABF0-40BF-9E88-8DBC43257567}.Debug|x64.Build.0 = Debug|x64
		{3C6DAD7E-ABF0-40BF-9E88-8DBC43257567}.Debug|x86.ActiveCfg = Debug|Win32
		{3C6DAD7E-ABF0-40BF-9E88-8DBC43257567}.Debug|x86.Build.0 = Debug|Win32
		{3C6DAD7E-ABF0-40BF-9E88-8DBC43257567}.Release|x64.ActiveCfg = Release|x64
		{3C6DAD7E-ABF0-40BF-9E88-8DBC43257567}.Release|x64.Build.0 = Release|x64
		{3C6DAD7E-ABF0-40BF-9E88-8DBC43257567}.Release|x86.ActiveCfg = Release|Win32
		{3C6DAD7E-ABF0-40BF-9E88-8DBC43257567}.Release|x86.Build.0 = Release|Win32
		{F51EC666-488C-4CE9-80F9-280D463A81B0}.Debug|x64.ActiveCfg = Debug|x64
		{F51EC666-488C-4CE9-80F9-280D463A81B0}.Debug|x64.Build.0 = Debug|x64
		{F51EC666-488C-4CE9-80F9-280D463A81B0}.Debug|x86.ActiveCfg = Debug|Win32
		{F51EC666-488C-4CE9-80F9-280D463A81B0}.Debug|x86.Build.0 = Debug|Win32
		{F51EC666-488C-4CE9-80F9-280D463A81B0}.Release|x64.ActiveCfg = Release|x64
		{F51EC666-488C-4CE9-80F9-280D463A81B0}.Release|x64.Build.0 = Release|x64
		{F51EC666-488C-4CE9-80F9-280D463A81B0}.Release|x86.ActiveCfg = Release|Win32
		{F51EC666-488C-4CE9-80F9-280D463A81B0}.Release|x86.Build.0 = Release|Win32
		{0B9A7491-4A6A-4B6F-83E0-8C3677F4D71D}.Debug|x64.ActiveCfg = Debug|x64
		{0B9A7491-4A6A-4B6F-83E0-8C3677F4D71D}.Debug|x64.Build.0 = Debug|x64
		{0B9A7491-4A6A-4B6F-83E0-8C3677F4D71D}.Debug|x86.ActiveCfg = Debug|Win32
		{0B9A7491-4A6A-4B6F-83E0-8C3677F4D71D}.Debug|x86.Build.0 = Debug|Win32
		{0B9A7491-4A6A-4B6F-83E0-8C3677F4D71D}.Release|x64.ActiveCfg = Release|x64
		{0B9A7491-4A6A-4B6F-83E0-8C3677F4D71D}.Release|x64.Build.0 = Release|x64
		{0B9A7491-4A6A-4B6F-83E0-8C3677F4D71D}.Release|x86.ActiveCfg = Release|Win32
		{0B9A7491-4A6A-4B6F-83E0-8C3677F4D71D}.Release|x86.Build.0 = Release|Win32
	EndGlobalSection
	GlobalSection(SolutionProperties) = preSolution
		HideSolutionNode = FALSE
	EndGlobalSection
EndGlobal
